// !$*UTF8*$!
{
	archiveVersion = 1;
	classes = {
	};
	objectVersion = 56;
	objects = {

/* Begin PBXBuildFile section */
		A7CE97942BF4B46B00C7C576 /* SignupPresenterTests.swift in Sources */ = {isa = PBXBuildFile; fileRef = A7CE97932BF4B46B00C7C576 /* SignupPresenterTests.swift */; };
		A7CE97962BF4C5CD00C7C576 /* SignupFormModel.swift in Sources */ = {isa = PBXBuildFile; fileRef = A7CE97952BF4C5CD00C7C576 /* SignupFormModel.swift */; };
		A7CE97982BF4C66C00C7C576 /* SignupPresenter.swift in Sources */ = {isa = PBXBuildFile; fileRef = A7CE97972BF4C66C00C7C576 /* SignupPresenter.swift */; };
		A7CE979A2BF4C6D900C7C576 /* MockSignupModelValidator.swift in Sources */ = {isa = PBXBuildFile; fileRef = A7CE97992BF4C6D900C7C576 /* MockSignupModelValidator.swift */; };
		A7CE97A12BF4CE5000C7C576 /* MockSignupWebService.swift in Sources */ = {isa = PBXBuildFile; fileRef = A7CE97A02BF4CE5000C7C576 /* MockSignupWebService.swift */; };
		A7CE97A32BF4CE9700C7C576 /* SignupWebServiceProtocol.swift in Sources */ = {isa = PBXBuildFile; fileRef = A7CE97A22BF4CE9700C7C576 /* SignupWebServiceProtocol.swift */; };
		A7CE97A52BF4FC7B00C7C576 /* MockSignupViewDelegate.swift in Sources */ = {isa = PBXBuildFile; fileRef = A7CE97A42BF4FC7B00C7C576 /* MockSignupViewDelegate.swift */; };
		A7CE97A72BF4FCE800C7C576 /* SignupViewDelegateProtocol.swift in Sources */ = {isa = PBXBuildFile; fileRef = A7CE97A62BF4FCE800C7C576 /* SignupViewDelegateProtocol.swift */; };
		A7CE97AA2BF5158C00C7C576 /* SignupViewControllerTests.swift in Sources */ = {isa = PBXBuildFile; fileRef = A7CE97A92BF5158C00C7C576 /* SignupViewControllerTests.swift */; };
		A7ED2D5E2BED715B00AC16BD /* AppDelegate.swift in Sources */ = {isa = PBXBuildFile; fileRef = A7ED2D5D2BED715B00AC16BD /* AppDelegate.swift */; };
		A7ED2D602BED715B00AC16BD /* SceneDelegate.swift in Sources */ = {isa = PBXBuildFile; fileRef = A7ED2D5F2BED715B00AC16BD /* SceneDelegate.swift */; };
		A7ED2D622BED715B00AC16BD /* SignupViewController.swift in Sources */ = {isa = PBXBuildFile; fileRef = A7ED2D612BED715B00AC16BD /* SignupViewController.swift */; };
		A7ED2D672BED715C00AC16BD /* Assets.xcassets in Resources */ = {isa = PBXBuildFile; fileRef = A7ED2D662BED715C00AC16BD /* Assets.xcassets */; };
		A7ED2D6A2BED715C00AC16BD /* LaunchScreen.storyboard in Resources */ = {isa = PBXBuildFile; fileRef = A7ED2D682BED715C00AC16BD /* LaunchScreen.storyboard */; };
		A7ED2D752BED715C00AC16BD /* PhotoAppTests.swift in Sources */ = {isa = PBXBuildFile; fileRef = A7ED2D742BED715C00AC16BD /* PhotoAppTests.swift */; };
		A7ED2D7F2BED715C00AC16BD /* SignupFlowUITests.swift in Sources */ = {isa = PBXBuildFile; fileRef = A7ED2D7E2BED715C00AC16BD /* SignupFlowUITests.swift */; };
		A7ED2D812BED715C00AC16BD /* PhotoAppUITestsLaunchTests.swift in Sources */ = {isa = PBXBuildFile; fileRef = A7ED2D802BED715C00AC16BD /* PhotoAppUITestsLaunchTests.swift */; };
		A7ED2D8E2BED75AF00AC16BD /* SignupWebServiceTests.swift in Sources */ = {isa = PBXBuildFile; fileRef = A7ED2D8D2BED75AF00AC16BD /* SignupWebServiceTests.swift */; };
		A7ED2D902BED761000AC16BD /* SignupWebService.swift in Sources */ = {isa = PBXBuildFile; fileRef = A7ED2D8F2BED761000AC16BD /* SignupWebService.swift */; };
		A7ED2D922BED766900AC16BD /* SignupFormRequestModel.swift in Sources */ = {isa = PBXBuildFile; fileRef = A7ED2D912BED766900AC16BD /* SignupFormRequestModel.swift */; };
		A7ED2D942BED776900AC16BD /* SignupResponseModel.swift in Sources */ = {isa = PBXBuildFile; fileRef = A7ED2D932BED776900AC16BD /* SignupResponseModel.swift */; };
		A7ED2D962BED77C600AC16BD /* SignupError.swift in Sources */ = {isa = PBXBuildFile; fileRef = A7ED2D952BED77C600AC16BD /* SignupError.swift */; };
		A7ED2D9B2BED783700AC16BD /* SignupConstants.swift in Sources */ = {isa = PBXBuildFile; fileRef = A7ED2D9A2BED783700AC16BD /* SignupConstants.swift */; };
		A7ED2D9D2BED784000AC16BD /* SignupFormModelValidator.swift in Sources */ = {isa = PBXBuildFile; fileRef = A7ED2D9C2BED784000AC16BD /* SignupFormModelValidator.swift */; };
		A7ED2DA42BED792200AC16BD /* SignupFormModelValidatorTests.swift in Sources */ = {isa = PBXBuildFile; fileRef = A7ED2DA32BED792200AC16BD /* SignupFormModelValidatorTests.swift */; };
		A7ED2DA72BED7A8000AC16BD /* SignupModelValidatorProtocol.swift in Sources */ = {isa = PBXBuildFile; fileRef = A7ED2DA62BED7A8000AC16BD /* SignupModelValidatorProtocol.swift */; };
		A7ED2DA92BED81BD00AC16BD /* MockURLProtocol.swift in Sources */ = {isa = PBXBuildFile; fileRef = A7ED2DA82BED81BD00AC16BD /* MockURLProtocol.swift */; };
		A7F56C222BF52A8D00127386 /* MockSignupPresenter.swift in Sources */ = {isa = PBXBuildFile; fileRef = A7F56C212BF52A8D00127386 /* MockSignupPresenter.swift */; };
		A7F56C242BF52ADB00127386 /* SignupPresenterProtocol.swift in Sources */ = {isa = PBXBuildFile; fileRef = A7F56C232BF52ADB00127386 /* SignupPresenterProtocol.swift */; };
/* End PBXBuildFile section */

/* Begin PBXContainerItemProxy section */
		A7ED2D712BED715C00AC16BD /* PBXContainerItemProxy */ = {
			isa = PBXContainerItemProxy;
			containerPortal = A7ED2D522BED715A00AC16BD /* Project object */;
			proxyType = 1;
			remoteGlobalIDString = A7ED2D592BED715B00AC16BD;
			remoteInfo = PhotoApp;
		};
		A7ED2D7B2BED715C00AC16BD /* PBXContainerItemProxy */ = {
			isa = PBXContainerItemProxy;
			containerPortal = A7ED2D522BED715A00AC16BD /* Project object */;
			proxyType = 1;
			remoteGlobalIDString = A7ED2D592BED715B00AC16BD;
			remoteInfo = PhotoApp;
		};
/* End PBXContainerItemProxy section */

/* Begin PBXFileReference section */
		A7CE97932BF4B46B00C7C576 /* SignupPresenterTests.swift */ = {isa = PBXFileReference; lastKnownFileType = sourcecode.swift; path = SignupPresenterTests.swift; sourceTree = "<group>"; };
		A7CE97952BF4C5CD00C7C576 /* SignupFormModel.swift */ = {isa = PBXFileReference; lastKnownFileType = sourcecode.swift; path = SignupFormModel.swift; sourceTree = "<group>"; };
		A7CE97972BF4C66C00C7C576 /* SignupPresenter.swift */ = {isa = PBXFileReference; lastKnownFileType = sourcecode.swift; path = SignupPresenter.swift; sourceTree = "<group>"; };
		A7CE97992BF4C6D900C7C576 /* MockSignupModelValidator.swift */ = {isa = PBXFileReference; lastKnownFileType = sourcecode.swift; path = MockSignupModelValidator.swift; sourceTree = "<group>"; };
		A7CE97A02BF4CE5000C7C576 /* MockSignupWebService.swift */ = {isa = PBXFileReference; lastKnownFileType = sourcecode.swift; path = MockSignupWebService.swift; sourceTree = "<group>"; };
		A7CE97A22BF4CE9700C7C576 /* SignupWebServiceProtocol.swift */ = {isa = PBXFileReference; lastKnownFileType = sourcecode.swift; path = SignupWebServiceProtocol.swift; sourceTree = "<group>"; };
		A7CE97A42BF4FC7B00C7C576 /* MockSignupViewDelegate.swift */ = {isa = PBXFileReference; lastKnownFileType = sourcecode.swift; path = MockSignupViewDelegate.swift; sourceTree = "<group>"; };
		A7CE97A62BF4FCE800C7C576 /* SignupViewDelegateProtocol.swift */ = {isa = PBXFileReference; lastKnownFileType = sourcecode.swift; path = SignupViewDelegateProtocol.swift; sourceTree = "<group>"; };
		A7CE97A92BF5158C00C7C576 /* SignupViewControllerTests.swift */ = {isa = PBXFileReference; lastKnownFileType = sourcecode.swift; path = SignupViewControllerTests.swift; sourceTree = "<group>"; };
		A7ED2D5A2BED715B00AC16BD /* PhotoApp.app */ = {isa = PBXFileReference; explicitFileType = wrapper.application; includeInIndex = 0; path = PhotoApp.app; sourceTree = BUILT_PRODUCTS_DIR; };
		A7ED2D5D2BED715B00AC16BD /* AppDelegate.swift */ = {isa = PBXFileReference; lastKnownFileType = sourcecode.swift; path = AppDelegate.swift; sourceTree = "<group>"; };
		A7ED2D5F2BED715B00AC16BD /* SceneDelegate.swift */ = {isa = PBXFileReference; lastKnownFileType = sourcecode.swift; path = SceneDelegate.swift; sourceTree = "<group>"; };
		A7ED2D612BED715B00AC16BD /* SignupViewController.swift */ = {isa = PBXFileReference; lastKnownFileType = sourcecode.swift; path = SignupViewController.swift; sourceTree = "<group>"; };
		A7ED2D662BED715C00AC16BD /* Assets.xcassets */ = {isa = PBXFileReference; lastKnownFileType = folder.assetcatalog; path = Assets.xcassets; sourceTree = "<group>"; };
		A7ED2D692BED715C00AC16BD /* Base */ = {isa = PBXFileReference; lastKnownFileType = file.storyboard; name = Base; path = Base.lproj/LaunchScreen.storyboard; sourceTree = "<group>"; };
		A7ED2D6B2BED715C00AC16BD /* Info.plist */ = {isa = PBXFileReference; lastKnownFileType = text.plist.xml; path = Info.plist; sourceTree = "<group>"; };
		A7ED2D702BED715C00AC16BD /* PhotoAppTests.xctest */ = {isa = PBXFileReference; explicitFileType = wrapper.cfbundle; includeInIndex = 0; path = PhotoAppTests.xctest; sourceTree = BUILT_PRODUCTS_DIR; };
		A7ED2D742BED715C00AC16BD /* PhotoAppTests.swift */ = {isa = PBXFileReference; lastKnownFileType = sourcecode.swift; path = PhotoAppTests.swift; sourceTree = "<group>"; };
		A7ED2D7A2BED715C00AC16BD /* PhotoAppUITests.xctest */ = {isa = PBXFileReference; explicitFileType = wrapper.cfbundle; includeInIndex = 0; path = PhotoAppUITests.xctest; sourceTree = BUILT_PRODUCTS_DIR; };
		A7ED2D7E2BED715C00AC16BD /* SignupFlowUITests.swift */ = {isa = PBXFileReference; lastKnownFileType = sourcecode.swift; path = SignupFlowUITests.swift; sourceTree = "<group>"; };
		A7ED2D802BED715C00AC16BD /* PhotoAppUITestsLaunchTests.swift */ = {isa = PBXFileReference; lastKnownFileType = sourcecode.swift; path = PhotoAppUITestsLaunchTests.swift; sourceTree = "<group>"; };
		A7ED2D8D2BED75AF00AC16BD /* SignupWebServiceTests.swift */ = {isa = PBXFileReference; lastKnownFileType = sourcecode.swift; path = SignupWebServiceTests.swift; sourceTree = "<group>"; };
		A7ED2D8F2BED761000AC16BD /* SignupWebService.swift */ = {isa = PBXFileReference; lastKnownFileType = sourcecode.swift; path = SignupWebService.swift; sourceTree = "<group>"; };
		A7ED2D912BED766900AC16BD /* SignupFormRequestModel.swift */ = {isa = PBXFileReference; lastKnownFileType = sourcecode.swift; path = SignupFormRequestModel.swift; sourceTree = "<group>"; };
		A7ED2D932BED776900AC16BD /* SignupResponseModel.swift */ = {isa = PBXFileReference; lastKnownFileType = sourcecode.swift; path = SignupResponseModel.swift; sourceTree = "<group>"; };
		A7ED2D952BED77C600AC16BD /* SignupError.swift */ = {isa = PBXFileReference; lastKnownFileType = sourcecode.swift; path = SignupError.swift; sourceTree = "<group>"; };
		A7ED2D9A2BED783700AC16BD /* SignupConstants.swift */ = {isa = PBXFileReference; lastKnownFileType = sourcecode.swift; path = SignupConstants.swift; sourceTree = "<group>"; };
		A7ED2D9C2BED784000AC16BD /* SignupFormModelValidator.swift */ = {isa = PBXFileReference; lastKnownFileType = sourcecode.swift; path = SignupFormModelValidator.swift; sourceTree = "<group>"; };
		A7ED2DA32BED792200AC16BD /* SignupFormModelValidatorTests.swift */ = {isa = PBXFileReference; lastKnownFileType = sourcecode.swift; path = SignupFormModelValidatorTests.swift; sourceTree = "<group>"; };
		A7ED2DA62BED7A8000AC16BD /* SignupModelValidatorProtocol.swift */ = {isa = PBXFileReference; lastKnownFileType = sourcecode.swift; path = SignupModelValidatorProtocol.swift; sourceTree = "<group>"; };
		A7ED2DA82BED81BD00AC16BD /* MockURLProtocol.swift */ = {isa = PBXFileReference; lastKnownFileType = sourcecode.swift; path = MockURLProtocol.swift; sourceTree = "<group>"; };
		A7F56C212BF52A8D00127386 /* MockSignupPresenter.swift */ = {isa = PBXFileReference; lastKnownFileType = sourcecode.swift; path = MockSignupPresenter.swift; sourceTree = "<group>"; };
		A7F56C232BF52ADB00127386 /* SignupPresenterProtocol.swift */ = {isa = PBXFileReference; lastKnownFileType = sourcecode.swift; path = SignupPresenterProtocol.swift; sourceTree = "<group>"; };
/* End PBXFileReference section */

/* Begin PBXFrameworksBuildPhase section */
		A7ED2D572BED715B00AC16BD /* Frameworks */ = {
			isa = PBXFrameworksBuildPhase;
			buildActionMask = 2147483647;
			files = (
			);
			runOnlyForDeploymentPostprocessing = 0;
		};
		A7ED2D6D2BED715C00AC16BD /* Frameworks */ = {
			isa = PBXFrameworksBuildPhase;
			buildActionMask = 2147483647;
			files = (
			);
			runOnlyForDeploymentPostprocessing = 0;
		};
		A7ED2D772BED715C00AC16BD /* Frameworks */ = {
			isa = PBXFrameworksBuildPhase;
			buildActionMask = 2147483647;
			files = (
			);
			runOnlyForDeploymentPostprocessing = 0;
		};
/* End PBXFrameworksBuildPhase section */

/* Begin PBXGroup section */
		A7CE979D2BF4CD4E00C7C576 /* Presenters */ = {
			isa = PBXGroup;
			children = (
				A7CE97972BF4C66C00C7C576 /* SignupPresenter.swift */,
			);
			path = Presenters;
			sourceTree = "<group>";
		};
		A7CE979E2BF4CD7100C7C576 /* Presenters */ = {
			isa = PBXGroup;
			children = (
				A7CE97932BF4B46B00C7C576 /* SignupPresenterTests.swift */,
			);
			path = Presenters;
			sourceTree = "<group>";
		};
		A7CE979F2BF4CD8100C7C576 /* Mocks */ = {
			isa = PBXGroup;
			children = (
				A7ED2DA82BED81BD00AC16BD /* MockURLProtocol.swift */,
				A7CE97992BF4C6D900C7C576 /* MockSignupModelValidator.swift */,
				A7CE97A02BF4CE5000C7C576 /* MockSignupWebService.swift */,
				A7CE97A42BF4FC7B00C7C576 /* MockSignupViewDelegate.swift */,
				A7F56C212BF52A8D00127386 /* MockSignupPresenter.swift */,
			);
			path = Mocks;
			sourceTree = "<group>";
		};
		A7CE97A82BF5157200C7C576 /* Controllers */ = {
			isa = PBXGroup;
			children = (
				A7CE97A92BF5158C00C7C576 /* SignupViewControllerTests.swift */,
			);
			path = Controllers;
			sourceTree = "<group>";
		};
		A7ED2D512BED715A00AC16BD = {
			isa = PBXGroup;
			children = (
				A7ED2D5C2BED715B00AC16BD /* PhotoApp */,
				A7ED2D732BED715C00AC16BD /* PhotoAppTests */,
				A7ED2D7D2BED715C00AC16BD /* PhotoAppUITests */,
				A7ED2D5B2BED715B00AC16BD /* Products */,
			);
			sourceTree = "<group>";
		};
		A7ED2D5B2BED715B00AC16BD /* Products */ = {
			isa = PBXGroup;
			children = (
				A7ED2D5A2BED715B00AC16BD /* PhotoApp.app */,
				A7ED2D702BED715C00AC16BD /* PhotoAppTests.xctest */,
				A7ED2D7A2BED715C00AC16BD /* PhotoAppUITests.xctest */,
			);
			name = Products;
			sourceTree = "<group>";
		};
		A7ED2D5C2BED715B00AC16BD /* PhotoApp */ = {
			isa = PBXGroup;
			children = (
				A7ED2D972BED781D00AC16BD /* Signup */,
				A7ED2D5D2BED715B00AC16BD /* AppDelegate.swift */,
				A7ED2D5F2BED715B00AC16BD /* SceneDelegate.swift */,
				A7ED2D662BED715C00AC16BD /* Assets.xcassets */,
				A7ED2D682BED715C00AC16BD /* LaunchScreen.storyboard */,
				A7ED2D6B2BED715C00AC16BD /* Info.plist */,
			);
			path = PhotoApp;
			sourceTree = "<group>";
		};
		A7ED2D732BED715C00AC16BD /* PhotoAppTests */ = {
			isa = PBXGroup;
			children = (
				A7ED2DA02BED787E00AC16BD /* Signup */,
				A7ED2D742BED715C00AC16BD /* PhotoAppTests.swift */,
			);
			path = PhotoAppTests;
			sourceTree = "<group>";
		};
		A7ED2D7D2BED715C00AC16BD /* PhotoAppUITests */ = {
			isa = PBXGroup;
			children = (
				A7ED2D7E2BED715C00AC16BD /* SignupFlowUITests.swift */,
				A7ED2D802BED715C00AC16BD /* PhotoAppUITestsLaunchTests.swift */,
			);
			path = PhotoAppUITests;
			sourceTree = "<group>";
		};
		A7ED2D972BED781D00AC16BD /* Signup */ = {
			isa = PBXGroup;
			children = (
				A7CE979D2BF4CD4E00C7C576 /* Presenters */,
				A7ED2DA52BED7A6F00AC16BD /* Protocols */,
				A7ED2D9F2BED786600AC16BD /* Network */,
				A7ED2D9E2BED785900AC16BD /* Controllers */,
				A7ED2D992BED782700AC16BD /* Models */,
			);
			path = Signup;
			sourceTree = "<group>";
		};
		A7ED2D992BED782700AC16BD /* Models */ = {
			isa = PBXGroup;
			children = (
				A7ED2D9A2BED783700AC16BD /* SignupConstants.swift */,
				A7ED2D9C2BED784000AC16BD /* SignupFormModelValidator.swift */,
				A7ED2D912BED766900AC16BD /* SignupFormRequestModel.swift */,
				A7ED2D932BED776900AC16BD /* SignupResponseModel.swift */,
				A7ED2D952BED77C600AC16BD /* SignupError.swift */,
				A7CE97952BF4C5CD00C7C576 /* SignupFormModel.swift */,
			);
			path = Models;
			sourceTree = "<group>";
		};
		A7ED2D9E2BED785900AC16BD /* Controllers */ = {
			isa = PBXGroup;
			children = (
				A7ED2D612BED715B00AC16BD /* SignupViewController.swift */,
			);
			path = Controllers;
			sourceTree = "<group>";
		};
		A7ED2D9F2BED786600AC16BD /* Network */ = {
			isa = PBXGroup;
			children = (
				A7ED2D8F2BED761000AC16BD /* SignupWebService.swift */,
			);
			path = Network;
			sourceTree = "<group>";
		};
		A7ED2DA02BED787E00AC16BD /* Signup */ = {
			isa = PBXGroup;
			children = (
				A7CE97A82BF5157200C7C576 /* Controllers */,
				A7CE979F2BF4CD8100C7C576 /* Mocks */,
				A7CE979E2BF4CD7100C7C576 /* Presenters */,
				A7ED2DA12BED788500AC16BD /* Network */,
				A7ED2DA22BED788900AC16BD /* Models */,
			);
			path = Signup;
			sourceTree = "<group>";
		};
		A7ED2DA12BED788500AC16BD /* Network */ = {
			isa = PBXGroup;
			children = (
				A7ED2D8D2BED75AF00AC16BD /* SignupWebServiceTests.swift */,
			);
			path = Network;
			sourceTree = "<group>";
		};
		A7ED2DA22BED788900AC16BD /* Models */ = {
			isa = PBXGroup;
			children = (
				A7ED2DA32BED792200AC16BD /* SignupFormModelValidatorTests.swift */,
			);
			path = Models;
			sourceTree = "<group>";
		};
		A7ED2DA52BED7A6F00AC16BD /* Protocols */ = {
			isa = PBXGroup;
			children = (
				A7ED2DA62BED7A8000AC16BD /* SignupModelValidatorProtocol.swift */,
				A7CE97A22BF4CE9700C7C576 /* SignupWebServiceProtocol.swift */,
				A7CE97A62BF4FCE800C7C576 /* SignupViewDelegateProtocol.swift */,
				A7F56C232BF52ADB00127386 /* SignupPresenterProtocol.swift */,
			);
			path = Protocols;
			sourceTree = "<group>";
		};
/* End PBXGroup section */

/* Begin PBXNativeTarget section */
		A7ED2D592BED715B00AC16BD /* PhotoApp */ = {
			isa = PBXNativeTarget;
			buildConfigurationList = A7ED2D842BED715C00AC16BD /* Build configuration list for PBXNativeTarget "PhotoApp" */;
			buildPhases = (
				A7ED2D562BED715B00AC16BD /* Sources */,
				A7ED2D572BED715B00AC16BD /* Frameworks */,
				A7ED2D582BED715B00AC16BD /* Resources */,
			);
			buildRules = (
			);
			dependencies = (
			);
			name = PhotoApp;
			productName = PhotoApp;
			productReference = A7ED2D5A2BED715B00AC16BD /* PhotoApp.app */;
			productType = "com.apple.product-type.application";
		};
		A7ED2D6F2BED715C00AC16BD /* PhotoAppTests */ = {
			isa = PBXNativeTarget;
			buildConfigurationList = A7ED2D872BED715C00AC16BD /* Build configuration list for PBXNativeTarget "PhotoAppTests" */;
			buildPhases = (
				A7ED2D6C2BED715C00AC16BD /* Sources */,
				A7ED2D6D2BED715C00AC16BD /* Frameworks */,
				A7ED2D6E2BED715C00AC16BD /* Resources */,
			);
			buildRules = (
			);
			dependencies = (
				A7ED2D722BED715C00AC16BD /* PBXTargetDependency */,
			);
			name = PhotoAppTests;
			productName = PhotoAppTests;
			productReference = A7ED2D702BED715C00AC16BD /* PhotoAppTests.xctest */;
			productType = "com.apple.product-type.bundle.unit-test";
		};
		A7ED2D792BED715C00AC16BD /* PhotoAppUITests */ = {
			isa = PBXNativeTarget;
			buildConfigurationList = A7ED2D8A2BED715C00AC16BD /* Build configuration list for PBXNativeTarget "PhotoAppUITests" */;
			buildPhases = (
				A7ED2D762BED715C00AC16BD /* Sources */,
				A7ED2D772BED715C00AC16BD /* Frameworks */,
				A7ED2D782BED715C00AC16BD /* Resources */,
			);
			buildRules = (
			);
			dependencies = (
				A7ED2D7C2BED715C00AC16BD /* PBXTargetDependency */,
			);
			name = PhotoAppUITests;
			productName = PhotoAppUITests;
			productReference = A7ED2D7A2BED715C00AC16BD /* PhotoAppUITests.xctest */;
			productType = "com.apple.product-type.bundle.ui-testing";
		};
/* End PBXNativeTarget section */

/* Begin PBXProject section */
		A7ED2D522BED715A00AC16BD /* Project object */ = {
			isa = PBXProject;
			attributes = {
				BuildIndependentTargetsInParallel = 1;
				LastSwiftUpdateCheck = 1520;
				LastUpgradeCheck = 1520;
				TargetAttributes = {
					A7ED2D592BED715B00AC16BD = {
						CreatedOnToolsVersion = 15.2;
					};
					A7ED2D6F2BED715C00AC16BD = {
						CreatedOnToolsVersion = 15.2;
						TestTargetID = A7ED2D592BED715B00AC16BD;
					};
					A7ED2D792BED715C00AC16BD = {
						CreatedOnToolsVersion = 15.2;
						TestTargetID = A7ED2D592BED715B00AC16BD;
					};
				};
			};
			buildConfigurationList = A7ED2D552BED715A00AC16BD /* Build configuration list for PBXProject "PhotoApp" */;
			compatibilityVersion = "Xcode 14.0";
			developmentRegion = en;
			hasScannedForEncodings = 0;
			knownRegions = (
				en,
				Base,
			);
			mainGroup = A7ED2D512BED715A00AC16BD;
			productRefGroup = A7ED2D5B2BED715B00AC16BD /* Products */;
			projectDirPath = "";
			projectRoot = "";
			targets = (
				A7ED2D592BED715B00AC16BD /* PhotoApp */,
				A7ED2D6F2BED715C00AC16BD /* PhotoAppTests */,
				A7ED2D792BED715C00AC16BD /* PhotoAppUITests */,
			);
		};
/* End PBXProject section */

/* Begin PBXResourcesBuildPhase section */
		A7ED2D582BED715B00AC16BD /* Resources */ = {
			isa = PBXResourcesBuildPhase;
			buildActionMask = 2147483647;
			files = (
				A7ED2D6A2BED715C00AC16BD /* LaunchScreen.storyboard in Resources */,
				A7ED2D672BED715C00AC16BD /* Assets.xcassets in Resources */,
			);
			runOnlyForDeploymentPostprocessing = 0;
		};
		A7ED2D6E2BED715C00AC16BD /* Resources */ = {
			isa = PBXResourcesBuildPhase;
			buildActionMask = 2147483647;
			files = (
			);
			runOnlyForDeploymentPostprocessing = 0;
		};
		A7ED2D782BED715C00AC16BD /* Resources */ = {
			isa = PBXResourcesBuildPhase;
			buildActionMask = 2147483647;
			files = (
			);
			runOnlyForDeploymentPostprocessing = 0;
		};
/* End PBXResourcesBuildPhase section */

/* Begin PBXSourcesBuildPhase section */
		A7ED2D562BED715B00AC16BD /* Sources */ = {
			isa = PBXSourcesBuildPhase;
			buildActionMask = 2147483647;
			files = (
				A7F56C242BF52ADB00127386 /* SignupPresenterProtocol.swift in Sources */,
				A7ED2D922BED766900AC16BD /* SignupFormRequestModel.swift in Sources */,
				A7ED2D622BED715B00AC16BD /* SignupViewController.swift in Sources */,
				A7ED2D5E2BED715B00AC16BD /* AppDelegate.swift in Sources */,
				A7ED2D9B2BED783700AC16BD /* SignupConstants.swift in Sources */,
				A7ED2DA72BED7A8000AC16BD /* SignupModelValidatorProtocol.swift in Sources */,
				A7ED2D9D2BED784000AC16BD /* SignupFormModelValidator.swift in Sources */,
				A7CE97A72BF4FCE800C7C576 /* SignupViewDelegateProtocol.swift in Sources */,
				A7ED2D902BED761000AC16BD /* SignupWebService.swift in Sources */,
				A7ED2D962BED77C600AC16BD /* SignupError.swift in Sources */,
				A7ED2D942BED776900AC16BD /* SignupResponseModel.swift in Sources */,
				A7ED2D602BED715B00AC16BD /* SceneDelegate.swift in Sources */,
				A7CE97A32BF4CE9700C7C576 /* SignupWebServiceProtocol.swift in Sources */,
				A7CE97982BF4C66C00C7C576 /* SignupPresenter.swift in Sources */,
				A7CE97962BF4C5CD00C7C576 /* SignupFormModel.swift in Sources */,
			);
			runOnlyForDeploymentPostprocessing = 0;
		};
		A7ED2D6C2BED715C00AC16BD /* Sources */ = {
			isa = PBXSourcesBuildPhase;
			buildActionMask = 2147483647;
			files = (
				A7ED2DA42BED792200AC16BD /* SignupFormModelValidatorTests.swift in Sources */,
				A7CE97A12BF4CE5000C7C576 /* MockSignupWebService.swift in Sources */,
				A7ED2D8E2BED75AF00AC16BD /* SignupWebServiceTests.swift in Sources */,
				A7CE979A2BF4C6D900C7C576 /* MockSignupModelValidator.swift in Sources */,
				A7ED2D752BED715C00AC16BD /* PhotoAppTests.swift in Sources */,
				A7CE97AA2BF5158C00C7C576 /* SignupViewControllerTests.swift in Sources */,
				A7F56C222BF52A8D00127386 /* MockSignupPresenter.swift in Sources */,
				A7CE97A52BF4FC7B00C7C576 /* MockSignupViewDelegate.swift in Sources */,
				A7CE97942BF4B46B00C7C576 /* SignupPresenterTests.swift in Sources */,
				A7ED2DA92BED81BD00AC16BD /* MockURLProtocol.swift in Sources */,
			);
			runOnlyForDeploymentPostprocessing = 0;
		};
		A7ED2D762BED715C00AC16BD /* Sources */ = {
			isa = PBXSourcesBuildPhase;
			buildActionMask = 2147483647;
			files = (
				A7ED2D812BED715C00AC16BD /* PhotoAppUITestsLaunchTests.swift in Sources */,
				A7ED2D7F2BED715C00AC16BD /* SignupFlowUITests.swift in Sources */,
			);
			runOnlyForDeploymentPostprocessing = 0;
		};
/* End PBXSourcesBuildPhase section */

/* Begin PBXTargetDependency section */
		A7ED2D722BED715C00AC16BD /* PBXTargetDependency */ = {
			isa = PBXTargetDependency;
			target = A7ED2D592BED715B00AC16BD /* PhotoApp */;
			targetProxy = A7ED2D712BED715C00AC16BD /* PBXContainerItemProxy */;
		};
		A7ED2D7C2BED715C00AC16BD /* PBXTargetDependency */ = {
			isa = PBXTargetDependency;
			target = A7ED2D592BED715B00AC16BD /* PhotoApp */;
			targetProxy = A7ED2D7B2BED715C00AC16BD /* PBXContainerItemProxy */;
		};
/* End PBXTargetDependency section */

/* Begin PBXVariantGroup section */
		A7ED2D682BED715C00AC16BD /* LaunchScreen.storyboard */ = {
			isa = PBXVariantGroup;
			children = (
				A7ED2D692BED715C00AC16BD /* Base */,
			);
			name = LaunchScreen.storyboard;
			sourceTree = "<group>";
		};
/* End PBXVariantGroup section */

/* Begin XCBuildConfiguration section */
		A7ED2D822BED715C00AC16BD /* Debug */ = {
			isa = XCBuildConfiguration;
			buildSettings = {
				ALWAYS_SEARCH_USER_PATHS = NO;
				ASSETCATALOG_COMPILER_GENERATE_SWIFT_ASSET_SYMBOL_EXTENSIONS = YES;
				CLANG_ANALYZER_NONNULL = YES;
				CLANG_ANALYZER_NUMBER_OBJECT_CONVERSION = YES_AGGRESSIVE;
				CLANG_CXX_LANGUAGE_STANDARD = "gnu++20";
				CLANG_ENABLE_MODULES = YES;
				CLANG_ENABLE_OBJC_ARC = YES;
				CLANG_ENABLE_OBJC_WEAK = YES;
				CLANG_WARN_BLOCK_CAPTURE_AUTORELEASING = YES;
				CLANG_WARN_BOOL_CONVERSION = YES;
				CLANG_WARN_COMMA = YES;
				CLANG_WARN_CONSTANT_CONVERSION = YES;
				CLANG_WARN_DEPRECATED_OBJC_IMPLEMENTATIONS = YES;
				CLANG_WARN_DIRECT_OBJC_ISA_USAGE = YES_ERROR;
				CLANG_WARN_DOCUMENTATION_COMMENTS = YES;
				CLANG_WARN_EMPTY_BODY = YES;
				CLANG_WARN_ENUM_CONVERSION = YES;
				CLANG_WARN_INFINITE_RECURSION = YES;
				CLANG_WARN_INT_CONVERSION = YES;
				CLANG_WARN_NON_LITERAL_NULL_CONVERSION = YES;
				CLANG_WARN_OBJC_IMPLICIT_RETAIN_SELF = YES;
				CLANG_WARN_OBJC_LITERAL_CONVERSION = YES;
				CLANG_WARN_OBJC_ROOT_CLASS = YES_ERROR;
				CLANG_WARN_QUOTED_INCLUDE_IN_FRAMEWORK_HEADER = YES;
				CLANG_WARN_RANGE_LOOP_ANALYSIS = YES;
				CLANG_WARN_STRICT_PROTOTYPES = YES;
				CLANG_WARN_SUSPICIOUS_MOVE = YES;
				CLANG_WARN_UNGUARDED_AVAILABILITY = YES_AGGRESSIVE;
				CLANG_WARN_UNREACHABLE_CODE = YES;
				CLANG_WARN__DUPLICATE_METHOD_MATCH = YES;
				COPY_PHASE_STRIP = NO;
				DEBUG_INFORMATION_FORMAT = dwarf;
				ENABLE_STRICT_OBJC_MSGSEND = YES;
				ENABLE_TESTABILITY = YES;
				ENABLE_USER_SCRIPT_SANDBOXING = YES;
				GCC_C_LANGUAGE_STANDARD = gnu17;
				GCC_DYNAMIC_NO_PIC = NO;
				GCC_NO_COMMON_BLOCKS = YES;
				GCC_OPTIMIZATION_LEVEL = 0;
				GCC_PREPROCESSOR_DEFINITIONS = (
					"DEBUG=1",
					"$(inherited)",
				);
				GCC_WARN_64_TO_32_BIT_CONVERSION = YES;
				GCC_WARN_ABOUT_RETURN_TYPE = YES_ERROR;
				GCC_WARN_UNDECLARED_SELECTOR = YES;
				GCC_WARN_UNINITIALIZED_AUTOS = YES_AGGRESSIVE;
				GCC_WARN_UNUSED_FUNCTION = YES;
				GCC_WARN_UNUSED_VARIABLE = YES;
				IPHONEOS_DEPLOYMENT_TARGET = 17.2;
				LOCALIZATION_PREFERS_STRING_CATALOGS = YES;
				MTL_ENABLE_DEBUG_INFO = INCLUDE_SOURCE;
				MTL_FAST_MATH = YES;
				ONLY_ACTIVE_ARCH = YES;
				SDKROOT = iphoneos;
				SWIFT_ACTIVE_COMPILATION_CONDITIONS = "DEBUG $(inherited)";
				SWIFT_OPTIMIZATION_LEVEL = "-Onone";
			};
			name = Debug;
		};
		A7ED2D832BED715C00AC16BD /* Release */ = {
			isa = XCBuildConfiguration;
			buildSettings = {
				ALWAYS_SEARCH_USER_PATHS = NO;
				ASSETCATALOG_COMPILER_GENERATE_SWIFT_ASSET_SYMBOL_EXTENSIONS = YES;
				CLANG_ANALYZER_NONNULL = YES;
				CLANG_ANALYZER_NUMBER_OBJECT_CONVERSION = YES_AGGRESSIVE;
				CLANG_CXX_LANGUAGE_STANDARD = "gnu++20";
				CLANG_ENABLE_MODULES = YES;
				CLANG_ENABLE_OBJC_ARC = YES;
				CLANG_ENABLE_OBJC_WEAK = YES;
				CLANG_WARN_BLOCK_CAPTURE_AUTORELEASING = YES;
				CLANG_WARN_BOOL_CONVERSION = YES;
				CLANG_WARN_COMMA = YES;
				CLANG_WARN_CONSTANT_CONVERSION = YES;
				CLANG_WARN_DEPRECATED_OBJC_IMPLEMENTATIONS = YES;
				CLANG_WARN_DIRECT_OBJC_ISA_USAGE = YES_ERROR;
				CLANG_WARN_DOCUMENTATION_COMMENTS = YES;
				CLANG_WARN_EMPTY_BODY = YES;
				CLANG_WARN_ENUM_CONVERSION = YES;
				CLANG_WARN_INFINITE_RECURSION = YES;
				CLANG_WARN_INT_CONVERSION = YES;
				CLANG_WARN_NON_LITERAL_NULL_CONVERSION = YES;
				CLANG_WARN_OBJC_IMPLICIT_RETAIN_SELF = YES;
				CLANG_WARN_OBJC_LITERAL_CONVERSION = YES;
				CLANG_WARN_OBJC_ROOT_CLASS = YES_ERROR;
				CLANG_WARN_QUOTED_INCLUDE_IN_FRAMEWORK_HEADER = YES;
				CLANG_WARN_RANGE_LOOP_ANALYSIS = YES;
				CLANG_WARN_STRICT_PROTOTYPES = YES;
				CLANG_WARN_SUSPICIOUS_MOVE = YES;
				CLANG_WARN_UNGUARDED_AVAILABILITY = YES_AGGRESSIVE;
				CLANG_WARN_UNREACHABLE_CODE = YES;
				CLANG_WARN__DUPLICATE_METHOD_MATCH = YES;
				COPY_PHASE_STRIP = NO;
				DEBUG_INFORMATION_FORMAT = "dwarf-with-dsym";
				ENABLE_NS_ASSERTIONS = NO;
				ENABLE_STRICT_OBJC_MSGSEND = YES;
				ENABLE_USER_SCRIPT_SANDBOXING = YES;
				GCC_C_LANGUAGE_STANDARD = gnu17;
				GCC_NO_COMMON_BLOCKS = YES;
				GCC_WARN_64_TO_32_BIT_CONVERSION = YES;
				GCC_WARN_ABOUT_RETURN_TYPE = YES_ERROR;
				GCC_WARN_UNDECLARED_SELECTOR = YES;
				GCC_WARN_UNINITIALIZED_AUTOS = YES_AGGRESSIVE;
				GCC_WARN_UNUSED_FUNCTION = YES;
				GCC_WARN_UNUSED_VARIABLE = YES;
				IPHONEOS_DEPLOYMENT_TARGET = 17.2;
				LOCALIZATION_PREFERS_STRING_CATALOGS = YES;
				MTL_ENABLE_DEBUG_INFO = NO;
				MTL_FAST_MATH = YES;
				SDKROOT = iphoneos;
				SWIFT_COMPILATION_MODE = wholemodule;
				VALIDATE_PRODUCT = YES;
			};
			name = Release;
		};
		A7ED2D852BED715C00AC16BD /* Debug */ = {
			isa = XCBuildConfiguration;
			buildSettings = {
				ASSETCATALOG_COMPILER_APPICON_NAME = AppIcon;
				ASSETCATALOG_COMPILER_GLOBAL_ACCENT_COLOR_NAME = AccentColor;
				CODE_SIGN_STYLE = Automatic;
				CURRENT_PROJECT_VERSION = 1;
				DEVELOPMENT_TEAM = RZB5WTQ7UH;
				GENERATE_INFOPLIST_FILE = YES;
				INFOPLIST_FILE = PhotoApp/Info.plist;
				INFOPLIST_KEY_UIApplicationSupportsIndirectInputEvents = YES;
				INFOPLIST_KEY_UILaunchStoryboardName = LaunchScreen;
				INFOPLIST_KEY_UISupportedInterfaceOrientations = UIInterfaceOrientationPortrait;
				INFOPLIST_KEY_UISupportedInterfaceOrientations_iPad = "UIInterfaceOrientationLandscapeLeft UIInterfaceOrientationLandscapeRight UIInterfaceOrientationPortrait UIInterfaceOrientationPortraitUpsideDown";
				IPHONEOS_DEPLOYMENT_TARGET = 15.0;
				LD_RUNPATH_SEARCH_PATHS = (
					"$(inherited)",
					"@executable_path/Frameworks",
				);
				MARKETING_VERSION = 1.0;
				PRODUCT_BUNDLE_IDENTIFIER = com.hakanor.PhotoApp;
				PRODUCT_NAME = "$(TARGET_NAME)";
				SUPPORTED_PLATFORMS = "iphoneos iphonesimulator";
				SUPPORTS_MACCATALYST = NO;
				SUPPORTS_MAC_DESIGNED_FOR_IPHONE_IPAD = NO;
				SUPPORTS_XR_DESIGNED_FOR_IPHONE_IPAD = NO;
				SWIFT_EMIT_LOC_STRINGS = YES;
				SWIFT_VERSION = 5.0;
				TARGETED_DEVICE_FAMILY = 1;
			};
			name = Debug;
		};
		A7ED2D862BED715C00AC16BD /* Release */ = {
			isa = XCBuildConfiguration;
			buildSettings = {
				ASSETCATALOG_COMPILER_APPICON_NAME = AppIcon;
				ASSETCATALOG_COMPILER_GLOBAL_ACCENT_COLOR_NAME = AccentColor;
				CODE_SIGN_STYLE = Automatic;
				CURRENT_PROJECT_VERSION = 1;
				DEVELOPMENT_TEAM = RZB5WTQ7UH;
				GENERATE_INFOPLIST_FILE = YES;
				INFOPLIST_FILE = PhotoApp/Info.plist;
				INFOPLIST_KEY_UIApplicationSupportsIndirectInputEvents = YES;
				INFOPLIST_KEY_UILaunchStoryboardName = LaunchScreen;
				INFOPLIST_KEY_UISupportedInterfaceOrientations = UIInterfaceOrientationPortrait;
				INFOPLIST_KEY_UISupportedInterfaceOrientations_iPad = "UIInterfaceOrientationLandscapeLeft UIInterfaceOrientationLandscapeRight UIInterfaceOrientationPortrait UIInterfaceOrientationPortraitUpsideDown";
				IPHONEOS_DEPLOYMENT_TARGET = 15.0;
				LD_RUNPATH_SEARCH_PATHS = (
					"$(inherited)",
					"@executable_path/Frameworks",
				);
				MARKETING_VERSION = 1.0;
				PRODUCT_BUNDLE_IDENTIFIER = com.hakanor.PhotoApp;
				PRODUCT_NAME = "$(TARGET_NAME)";
				SUPPORTED_PLATFORMS = "iphoneos iphonesimulator";
				SUPPORTS_MACCATALYST = NO;
				SUPPORTS_MAC_DESIGNED_FOR_IPHONE_IPAD = NO;
				SUPPORTS_XR_DESIGNED_FOR_IPHONE_IPAD = NO;
				SWIFT_EMIT_LOC_STRINGS = YES;
				SWIFT_VERSION = 5.0;
				TARGETED_DEVICE_FAMILY = 1;
			};
			name = Release;
		};
		A7ED2D882BED715C00AC16BD /* Debug */ = {
			isa = XCBuildConfiguration;
			buildSettings = {
				ALWAYS_EMBED_SWIFT_STANDARD_LIBRARIES = YES;
				BUNDLE_LOADER = "$(TEST_HOST)";
				CODE_SIGN_STYLE = Automatic;
				CURRENT_PROJECT_VERSION = 1;
				DEVELOPMENT_TEAM = RZB5WTQ7UH;
				GENERATE_INFOPLIST_FILE = YES;
				IPHONEOS_DEPLOYMENT_TARGET = 17.2;
				MARKETING_VERSION = 1.0;
				PRODUCT_BUNDLE_IDENTIFIER = com.hakanor.PhotoAppTests;
				PRODUCT_NAME = "$(TARGET_NAME)";
				SWIFT_EMIT_LOC_STRINGS = NO;
				SWIFT_VERSION = 5.0;
				TARGETED_DEVICE_FAMILY = "1,2";
				TEST_HOST = "$(BUILT_PRODUCTS_DIR)/PhotoApp.app/$(BUNDLE_EXECUTABLE_FOLDER_PATH)/PhotoApp";
			};
			name = Debug;
		};
		A7ED2D892BED715C00AC16BD /* Release */ = {
			isa = XCBuildConfiguration;
			buildSettings = {
				ALWAYS_EMBED_SWIFT_STANDARD_LIBRARIES = YES;
				BUNDLE_LOADER = "$(TEST_HOST)";
				CODE_SIGN_STYLE = Automatic;
				CURRENT_PROJECT_VERSION = 1;
				DEVELOPMENT_TEAM = RZB5WTQ7UH;
				GENERATE_INFOPLIST_FILE = YES;
				IPHONEOS_DEPLOYMENT_TARGET = 17.2;
				MARKETING_VERSION = 1.0;
				PRODUCT_BUNDLE_IDENTIFIER = com.hakanor.PhotoAppTests;
				PRODUCT_NAME = "$(TARGET_NAME)";
				SWIFT_EMIT_LOC_STRINGS = NO;
				SWIFT_VERSION = 5.0;
				TARGETED_DEVICE_FAMILY = "1,2";
				TEST_HOST = "$(BUILT_PRODUCTS_DIR)/PhotoApp.app/$(BUNDLE_EXECUTABLE_FOLDER_PATH)/PhotoApp";
			};
			name = Release;
		};
		A7ED2D8B2BED715C00AC16BD /* Debug */ = {
			isa = XCBuildConfiguration;
			buildSettings = {
				ALWAYS_EMBED_SWIFT_STANDARD_LIBRARIES = YES;
				CODE_SIGN_STYLE = Automatic;
				CURRENT_PROJECT_VERSION = 1;
				DEVELOPMENT_TEAM = RZB5WTQ7UH;
				GENERATE_INFOPLIST_FILE = YES;
				MARKETING_VERSION = 1.0;
				PRODUCT_BUNDLE_IDENTIFIER = com.hakanor.PhotoAppUITests;
				PRODUCT_NAME = "$(TARGET_NAME)";
				SWIFT_EMIT_LOC_STRINGS = NO;
				SWIFT_VERSION = 5.0;
				TARGETED_DEVICE_FAMILY = "1,2";
				TEST_TARGET_NAME = PhotoApp;
			};
			name = Debug;
		};
		A7ED2D8C2BED715C00AC16BD /* Release */ = {
			isa = XCBuildConfiguration;
			buildSettings = {
				ALWAYS_EMBED_SWIFT_STANDARD_LIBRARIES = YES;
				CODE_SIGN_STYLE = Automatic;
				CURRENT_PROJECT_VERSION = 1;
				DEVELOPMENT_TEAM = RZB5WTQ7UH;
				GENERATE_INFOPLIST_FILE = YES;
				MARKETING_VERSION = 1.0;
				PRODUCT_BUNDLE_IDENTIFIER = com.hakanor.PhotoAppUITests;
				PRODUCT_NAME = "$(TARGET_NAME)";
				SWIFT_EMIT_LOC_STRINGS = NO;
				SWIFT_VERSION = 5.0;
				TARGETED_DEVICE_FAMILY = "1,2";
				TEST_TARGET_NAME = PhotoApp;
			};
			name = Release;
		};
/* End XCBuildConfiguration section */

/* Begin XCConfigurationList section */
		A7ED2D552BED715A00AC16BD /* Build configuration list for PBXProject "PhotoApp" */ = {
			isa = XCConfigurationList;
			buildConfigurations = (
				A7ED2D822BED715C00AC16BD /* Debug */,
				A7ED2D832BED715C00AC16BD /* Release */,
			);
			defaultConfigurationIsVisible = 0;
			defaultConfigurationName = Release;
		};
		A7ED2D842BED715C00AC16BD /* Build configuration list for PBXNativeTarget "PhotoApp" */ = {
			isa = XCConfigurationList;
			buildConfigurations = (
				A7ED2D852BED715C00AC16BD /* Debug */,
				A7ED2D862BED715C00AC16BD /* Release */,
			);
			defaultConfigurationIsVisible = 0;
			defaultConfigurationName = Release;
		};
		A7ED2D872BED715C00AC16BD /* Build configuration list for PBXNativeTarget "PhotoAppTests" */ = {
			isa = XCConfigurationList;
			buildConfigurations = (
				A7ED2D882BED715C00AC16BD /* Debug */,
				A7ED2D892BED715C00AC16BD /* Release */,
			);
			defaultConfigurationIsVisible = 0;
			defaultConfigurationName = Release;
		};
		A7ED2D8A2BED715C00AC16BD /* Build configuration list for PBXNativeTarget "PhotoAppUITests" */ = {
			isa = XCConfigurationList;
			buildConfigurations = (
				A7ED2D8B2BED715C00AC16BD /* Debug */,
				A7ED2D8C2BED715C00AC16BD /* Release */,
			);
			defaultConfigurationIsVisible = 0;
			defaultConfigurationName = Release;
		};
/* End XCConfigurationList section */
	};
	rootObject = A7ED2D522BED715A00AC16BD /* Project object */;
}
